
Microsoft Visual Studio Solution File, Format Version 12.00
# Visual Studio Version 16
VisualStudioVersion = 16.0.30413.136
MinimumVisualStudioVersion = 10.0.40219.1
Project("{9A19103F-16F7-4668-BE54-9A1E7A4F7556}") = "EchoBot", "EchoBot.csproj", "{318339E3-0648-4C8D-AB16-D1A98555795E}"
EndProject
Global
	GlobalSection(SolutionConfigurationPlatforms) = preSolution
		Debug|Any CPU = Debug|Any CPU
		Release|Any CPU = Release|Any CPU
	EndGlobalSection
	GlobalSection(ProjectConfigurationPlatforms) = postSolution
		{318339E3-0648-4C8D-AB16-D1A98555795E}.Debug|Any CPU.ActiveCfg = Debug|Any CPU
		{318339E3-0648-4C8D-AB16-D1A98555795E}.Debug|Any CPU.Build.0 = Debug|Any CPU
		{318339E3-0648-4C8D-AB16-D1A98555795E}.Release|Any CPU.ActiveCfg = Release|Any CPU
		{318339E3-0648-4C8D-AB16-D1A98555795E}.Release|Any CPU.Build.0 = Release|Any CPU
	EndGlobalSection
	GlobalSection(SolutionProperties) = preSolution
		HideSolutionNode = FALSE
	EndGlobalSection
	GlobalSection(ExtensibilityGlobals) = postSolution
		SolutionGuid = {C805A2EF-7281-47EF-B248-686DF4514B88}
	EndGlobalSection
EndGlobal
